Microsoft Visual Studio Solution File, Format Version 12.00
# Visual Studio Version 17
VisualStudioVersion = 17.0.31717.71
MinimumVisualStudioVersion = 10.0.40219.1
Project("{9A19103F-16F7-4668-BE54-9A1E7A4F7556}") = "Project.Avalon.Web", "Project.Avalon.Web.csproj", "{AE881374-540B-41EF-8FA4-38B826F6DAA0}"
EndProject
Project("{D954291E-2A0B-460D-934E-DC6B0785DB48}") = "Project.Avalon.Shared", "..\Project.Avalon.Shared\Project.Avalon.Shared.shproj", "{C9C71C27-FEDA-44F9-9228-71BEDE25B56F}"
EndProject
Global
	GlobalSection(SharedMSBuildProjectFiles) = preSolution
		..\Project.Avalon.Shared\Project.Avalon.Shared.projitems*{ae881374-540b-41ef-8fa4-38b826f6daa0}*SharedItemsImports = 5
		..\Project.Avalon.Shared\Project.Avalon.Shared.projitems*{c9c71c27-feda-44f9-9228-71bede25b56f}*SharedItemsImports = 13
	EndGlobalSection
	GlobalSection(SolutionConfigurationPlatforms) = preSolution
		Debug|Any CPU = Debug|Any CPU
		Release|Any CPU = Release|Any CPU
	EndGlobalSection
	GlobalSection(ProjectConfigurationPlatforms) = postSolution
		{AE881374-540B-41EF-8FA4-38B826F6DAA0}.Debug|Any CPU.ActiveCfg = Debug|Any CPU
		{AE881374-540B-41EF-8FA4-38B826F6DAA0}.Debug|Any CPU.Build.0 = Debug|Any CPU
		{AE881374-540B-41EF-8FA4-38B826F6DAA0}.Release|Any CPU.ActiveCfg = Release|Any CPU
		{AE881374-540B-41EF-8FA4-38B826F6DAA0}.Release|Any CPU.Build.0 = Release|Any CPU
	EndGlobalSection
	GlobalSection(SolutionProperties) = preSolution
		HideSolutionNode = FALSE
	EndGlobalSection
	GlobalSection(ExtensibilityGlobals) = postSolution
		SolutionGuid = {ED36FC5B-2F44-4D5B-9BDD-4E228A50E9B8}
	EndGlobalSection
EndGlobal
